
Microsoft Visual Studio Solution File, Format Version 12.00
# Visual Studio Version 17
VisualStudioVersion = 17.13.35825.156
MinimumVisualStudioVersion = 10.0.40219.1
Project("{FAE04EC0-301F-11D3-BF4B-00C04F79EFBC}") = "DxBlazorApp", "DxBlazorApp\DxBlazorApp.csproj", "{17C4BD8E-624D-46A6-8807-5CECD8216AE8}"
EndProject
Global
	GlobalSection(SolutionConfigurationPlatforms) = preSolution
		Debug|Any CPU = Debug|Any CPU
		Release|Any CPU = Release|Any CPU
	EndGlobalSection
	GlobalSection(ProjectConfigurationPlatforms) = postSolution
		{17C4BD8E-624D-46A6-8807-5CECD8216AE8}.Debug|Any CPU.ActiveCfg = Debug|Any CPU
		{17C4BD8E-624D-46A6-8807-5CECD8216AE8}.Debug|Any CPU.Build.0 = Debug|Any CPU
		{17C4BD8E-624D-46A6-8807-5CECD8216AE8}.Release|Any CPU.ActiveCfg = Release|Any CPU
		{17C4BD8E-624D-46A6-8807-5CECD8216AE8}.Release|Any CPU.Build.0 = Release|Any CPU
	EndGlobalSection
	GlobalSection(SolutionProperties) = preSolution
		HideSolutionNode = FALSE
	EndGlobalSection
EndGlobal
